
Microsoft Visual Studio Solution File, Format Version 12.00
# Visual Studio Version 17
VisualStudioVersion = 17.11.35303.130
MinimumVisualStudioVersion = 10.0.40219.1
Project("{FAE04EC0-301F-11D3-BF4B-00C04F79EFBC}") = "Logical operations", "Logical operations.csproj", "{E34B52AA-B98F-40DE-B792-91D069789C4B}"
EndProject
Global
	GlobalSection(SolutionConfigurationPlatforms) = preSolution
		Debug|Any CPU = Debug|Any CPU
		Release|Any CPU = Release|Any CPU
	EndGlobalSection
	GlobalSection(ProjectConfigurationPlatforms) = postSolution
		{E34B52AA-B98F-40DE-B792-91D069789C4B}.Debug|Any CPU.ActiveCfg = Debug|Any CPU
		{E34B52AA-B98F-40DE-B792-91D069789C4B}.Debug|Any CPU.Build.0 = Debug|Any CPU
		{E34B52AA-B98F-40DE-B792-91D069789C4B}.Release|Any CPU.ActiveCfg = Release|Any CPU
		{E34B52AA-B98F-40DE-B792-91D069789C4B}.Release|Any CPU.Build.0 = Release|Any CPU
	EndGlobalSection
	GlobalSection(SolutionProperties) = preSolution
		HideSolutionNode = FALSE
	EndGlobalSection
	GlobalSection(ExtensibilityGlobals) = postSolution
		SolutionGuid = {4F8378A9-91D4-4B02-AABC-B430009DBC3F}
	EndGlobalSection
EndGlobal
